
Microsoft Visual Studio Solution File, Format Version 12.00
# Visual Studio Version 17
VisualStudioVersion = 17.2.32516.85
MinimumVisualStudioVersion = 10.0.40219.1
Project("{FAE04EC0-301F-11D3-BF4B-00C04F79EFBC}") = "SuperTimer_WF_povtor", "SuperTimer_WF_povtor\SuperTimer_WF_povtor.csproj", "{390E346D-A54B-44A8-A71D-C22091C7E8EE}"
EndProject
Project("{2150E333-8FDC-42A3-9474-1A3956D46DE8}") = "Элементы решения", "Элементы решения", "{F16BFB2E-AAA5-40E6-9550-6D30EA4BFED3}"
	ProjectSection(SolutionItems) = preProject
		.gitignore = .gitignore
	EndProjectSection
EndProject
Global
	GlobalSection(SolutionConfigurationPlatforms) = preSolution
		Debug|Any CPU = Debug|Any CPU
		Release|Any CPU = Release|Any CPU
	EndGlobalSection
	GlobalSection(ProjectConfigurationPlatforms) = postSolution
		{390E346D-A54B-44A8-A71D-C22091C7E8EE}.Debug|Any CPU.ActiveCfg = Debug|Any CPU
		{390E346D-A54B-44A8-A71D-C22091C7E8EE}.Debug|Any CPU.Build.0 = Debug|Any CPU
		{390E346D-A54B-44A8-A71D-C22091C7E8EE}.Release|Any CPU.ActiveCfg = Release|Any CPU
		{390E346D-A54B-44A8-A71D-C22091C7E8EE}.Release|Any CPU.Build.0 = Release|Any CPU
	EndGlobalSection
	GlobalSection(SolutionProperties) = preSolution
		HideSolutionNode = FALSE
	EndGlobalSection
	GlobalSection(ExtensibilityGlobals) = postSolution
		SolutionGuid = {4D5A5960-80EF-45C9-836C-9EDFF03C1822}
	EndGlobalSection
EndGlobal
